
Microsoft Visual Studio Solution File, Format Version 12.00
# Visual Studio 15
VisualStudioVersion = 15.0.28307.1209
MinimumVisualStudioVersion = 10.0.40219.1
Project("{8BC9CEB8-8B4A-11D0-8D11-00A0C91BC942}") = "ch3_lab2-1", "ch3_lab2-1\ch3_lab2-1.vcxproj", "{DF57503E-B1E1-4846-8FE0-B8A99E0456B0}"
EndProject
Global
	GlobalSection(SolutionConfigurationPlatforms) = preSolution
		Debug|x64 = Debug|x64
		Debug|x86 = Debug|x86
		Release|x64 = Release|x64
		Release|x86 = Release|x86
	EndGlobalSection
	GlobalSection(ProjectConfigurationPlatforms) = postSolution
		{DF57503E-B1E1-4846-8FE0-B8A99E0456B0}.Debug|x64.ActiveCfg = Debug|x64
		{DF57503E-B1E1-4846-8FE0-B8A99E0456B0}.Debug|x64.Build.0 = Debug|x64
		{DF57503E-B1E1-4846-8FE0-B8A99E0456B0}.Debug|x86.ActiveCfg = Debug|Win32
		{DF57503E-B1E1-4846-8FE0-B8A99E0456B0}.Debug|x86.Build.0 = Debug|Win32
		{DF57503E-B1E1-4846-8FE0-B8A99E0456B0}.Release|x64.ActiveCfg = Release|x64
		{DF57503E-B1E1-4846-8FE0-B8A99E0456B0}.Release|x64.Build.0 = Release|x64
		{DF57503E-B1E1-4846-8FE0-B8A99E0456B0}.Release|x86.ActiveCfg = Release|Win32
		{DF57503E-B1E1-4846-8FE0-B8A99E0456B0}.Release|x86.Build.0 = Release|Win32
	EndGlobalSection
	GlobalSection(SolutionProperties) = preSolution
		HideSolutionNode = FALSE
	EndGlobalSection
	GlobalSection(ExtensibilityGlobals) = postSolution
		SolutionGuid = {84810E90-4EA1-4FFB-B8B9-35A8791E0ABE}
	EndGlobalSection
EndGlobal
